// !$*UTF8*$!
{
	archiveVersion = 1;
	classes = {
	};
	objectVersion = 46;
	objects = {

/* Begin PBXBuildFile section */
		94EAE2E61B37ABCD0075654A /* AppDelegate.swift in Sources */ = {isa = PBXBuildFile; fileRef = 94EAE2E51B37ABCD0075654A /* AppDelegate.swift */; };
		94EAE2E81B37ABCD0075654A /* ViewController.swift in Sources */ = {isa = PBXBuildFile; fileRef = 94EAE2E71B37ABCD0075654A /* ViewController.swift */; };
		94EAE2EB1B37ABCD0075654A /* Main.storyboard in Resources */ = {isa = PBXBuildFile; fileRef = 94EAE2E91B37ABCD0075654A /* Main.storyboard */; };
		94EAE2ED1B37ABCD0075654A /* Assets.xcassets in Resources */ = {isa = PBXBuildFile; fileRef = 94EAE2EC1B37ABCD0075654A /* Assets.xcassets */; };
		94EAE2F01B37ABCD0075654A /* LaunchScreen.storyboard in Resources */ = {isa = PBXBuildFile; fileRef = 94EAE2EE1B37ABCD0075654A /* LaunchScreen.storyboard */; };
		94EAE2FB1B37ABCD0075654A /* TextFieldsChallengeAppTests.swift in Sources */ = {isa = PBXBuildFile; fileRef = 94EAE2FA1B37ABCD0075654A /* TextFieldsChallengeAppTests.swift */; };
		94EAE3061B37ABCD0075654A /* TextFieldsChallengeAppUITests.swift in Sources */ = {isa = PBXBuildFile; fileRef = 94EAE3051B37ABCD0075654A /* TextFieldsChallengeAppUITests.swift */; };
		94EAE3151B37AF880075654A /* ZipCodeTextFieldDelegate.swift in Sources */ = {isa = PBXBuildFile; fileRef = 94EAE3141B37AF880075654A /* ZipCodeTextFieldDelegate.swift */; };
/* End PBXBuildFile section */

/* Begin PBXContainerItemProxy section */
		94EAE2F71B37ABCD0075654A /* PBXContainerItemProxy */ = {
			isa = PBXContainerItemProxy;
			containerPortal = 94EAE2DA1B37ABCD0075654A /* Project object */;
			proxyType = 1;
			remoteGlobalIDString = 94EAE2E11B37ABCD0075654A;
			remoteInfo = TextFieldsChallengeApp;
		};
		94EAE3021B37ABCD0075654A /* PBXContainerItemProxy */ = {
			isa = PBXContainerItemProxy;
			containerPortal = 94EAE2DA1B37ABCD0075654A /* Project object */;
			proxyType = 1;
			remoteGlobalIDString = 94EAE2E11B37ABCD0075654A;
			remoteInfo = TextFieldsChallengeApp;
		};
/* End PBXContainerItemProxy section */

/* Begin PBXFileReference section */
		94EAE2E21B37ABCD0075654A /* TextFieldsChallengeApp.app */ = {isa = PBXFileReference; explicitFileType = wrapper.application; includeInIndex = 0; path = TextFieldsChallengeApp.app; sourceTree = BUILT_PRODUCTS_DIR; };
		94EAE2E51B37ABCD0075654A /* AppDelegate.swift */ = {isa = PBXFileReference; lastKnownFileType = sourcecode.swift; path = AppDelegate.swift; sourceTree = "<group>"; };
		94EAE2E71B37ABCD0075654A /* ViewController.swift */ = {isa = PBXFileReference; lastKnownFileType = sourcecode.swift; path = ViewController.swift; sourceTree = "<group>"; };
		94EAE2EA1B37ABCD0075654A /* Base */ = {isa = PBXFileReference; lastKnownFileType = file.storyboard; name = Base; path = Base.lproj/Main.storyboard; sourceTree = "<group>"; };
		94EAE2EC1B37ABCD0075654A /* Assets.xcassets */ = {isa = PBXFileReference; lastKnownFileType = folder.assetcatalog; path = Assets.xcassets; sourceTree = "<group>"; };
		94EAE2EF1B37ABCD0075654A /* Base */ = {isa = PBXFileReference; lastKnownFileType = file.storyboard; name = Base; path = Base.lproj/LaunchScreen.storyboard; sourceTree = "<group>"; };
		94EAE2F11B37ABCD0075654A /* Info.plist */ = {isa = PBXFileReference; lastKnownFileType = text.plist.xml; path = Info.plist; sourceTree = "<group>"; };
		94EAE2F61B37ABCD0075654A /* TextFieldsChallengeAppTests.xctest */ = {isa = PBXFileReference; explicitFileType = wrapper.cfbundle; includeInIndex = 0; path = TextFieldsChallengeAppTests.xctest; sourceTree = BUILT_PRODUCTS_DIR; };
		94EAE2FA1B37ABCD0075654A /* TextFieldsChallengeAppTests.swift */ = {isa = PBXFileReference; lastKnownFileType = sourcecode.swift; path = TextFieldsChallengeAppTests.swift; sourceTree = "<group>"; };
		94EAE2FC1B37ABCD0075654A /* Info.plist */ = {isa = PBXFileReference; lastKnownFileType = text.plist.xml; path = Info.plist; sourceTree = "<group>"; };
		94EAE3011B37ABCD0075654A /* TextFieldsChallengeAppUITests.xctest */ = {isa = PBXFileReference; explicitFileType = wrapper.cfbundle; includeInIndex = 0; path = TextFieldsChallengeAppUITests.xctest; sourceTree = BUILT_PRODUCTS_DIR; };
		94EAE3051B37ABCD0075654A /* TextFieldsChallengeAppUITests.swift */ = {isa = PBXFileReference; lastKnownFileType = sourcecode.swift; path = TextFieldsChallengeAppUITests.swift; sourceTree = "<group>"; };
		94EAE3071B37ABCD0075654A /* Info.plist */ = {isa = PBXFileReference; lastKnownFileType = text.plist.xml; path = Info.plist; sourceTree = "<group>"; };
		94EAE3141B37AF880075654A /* ZipCodeTextFieldDelegate.swift */ = {isa = PBXFileReference; fileEncoding = 4; lastKnownFileType = sourcecode.swift; path = ZipCodeTextFieldDelegate.swift; sourceTree = "<group>"; };
/* End PBXFileReference section */

/* Begin PBXFrameworksBuildPhase section */
		94EAE2DF1B37ABCD0075654A /* Frameworks */ = {
			isa = PBXFrameworksBuildPhase;
			buildActionMask = 2147483647;
			files = (
			);
			runOnlyForDeploymentPostprocessing = 0;
		};
		94EAE2F31B37ABCD0075654A /* Frameworks */ = {
			isa = PBXFrameworksBuildPhase;
			buildActionMask = 2147483647;
			files = (
			);
			runOnlyForDeploymentPostprocessing = 0;
		};
		94EAE2FE1B37ABCD0075654A /* Frameworks */ = {
			isa = PBXFrameworksBuildPhase;
			buildActionMask = 2147483647;
			files = (
			);
			runOnlyForDeploymentPostprocessing = 0;
		};
/* End PBXFrameworksBuildPhase section */

/* Begin PBXGroup section */
		94EAE2D91B37ABCD0075654A = {
			isa = PBXGroup;
			children = (
				94EAE2E41B37ABCD0075654A /* TextFieldsChallengeApp */,
				94EAE2F91B37ABCD0075654A /* TextFieldsChallengeAppTests */,
				94EAE3041B37ABCD0075654A /* TextFieldsChallengeAppUITests */,
				94EAE2E31B37ABCD0075654A /* Products */,
			);
			sourceTree = "<group>";
		};
		94EAE2E31B37ABCD0075654A /* Products */ = {
			isa = PBXGroup;
			children = (
				94EAE2E21B37ABCD0075654A /* TextFieldsChallengeApp.app */,
				94EAE2F61B37ABCD0075654A /* TextFieldsChallengeAppTests.xctest */,
				94EAE3011B37ABCD0075654A /* TextFieldsChallengeAppUITests.xctest */,
			);
			name = Products;
			sourceTree = "<group>";
		};
		94EAE2E41B37ABCD0075654A /* TextFieldsChallengeApp */ = {
			isa = PBXGroup;
			children = (
				94EAE3131B37AF650075654A /* TextFieldDelegates */,
				94EAE2E51B37ABCD0075654A /* AppDelegate.swift */,
				94EAE2E71B37ABCD0075654A /* ViewController.swift */,
				94EAE2E91B37ABCD0075654A /* Main.storyboard */,
				94EAE2EC1B37ABCD0075654A /* Assets.xcassets */,
				94EAE2EE1B37ABCD0075654A /* LaunchScreen.storyboard */,
				94EAE2F11B37ABCD0075654A /* Info.plist */,
			);
			path = TextFieldsChallengeApp;
			sourceTree = "<group>";
		};
		94EAE2F91B37ABCD0075654A /* TextFieldsChallengeAppTests */ = {
			isa = PBXGroup;
			children = (
				94EAE2FA1B37ABCD0075654A /* TextFieldsChallengeAppTests.swift */,
				94EAE2FC1B37ABCD0075654A /* Info.plist */,
			);
			path = TextFieldsChallengeAppTests;
			sourceTree = "<group>";
		};
		94EAE3041B37ABCD0075654A /* TextFieldsChallengeAppUITests */ = {
			isa = PBXGroup;
			children = (
				94EAE3051B37ABCD0075654A /* TextFieldsChallengeAppUITests.swift */,
				94EAE3071B37ABCD0075654A /* Info.plist */,
			);
			path = TextFieldsChallengeAppUITests;
			sourceTree = "<group>";
		};
		94EAE3131B37AF650075654A /* TextFieldDelegates */ = {
			isa = PBXGroup;
			children = (
				94EAE3141B37AF880075654A /* ZipCodeTextFieldDelegate.swift */,
			);
			name = TextFieldDelegates;
			sourceTree = "<group>";
		};
/* End PBXGroup section */

/* Begin PBXNativeTarget section */
		94EAE2E11B37ABCD0075654A /* TextFieldsChallengeApp */ = {
			isa = PBXNativeTarget;
			buildConfigurationList = 94EAE30A1B37ABCD0075654A /* Build configuration list for PBXNativeTarget "TextFieldsChallengeApp" */;
			buildPhases = (
				94EAE2DE1B37ABCD0075654A /* Sources */,
				94EAE2DF1B37ABCD0075654A /* Frameworks */,
				94EAE2E01B37ABCD0075654A /* Resources */,
			);
			buildRules = (
			);
			dependencies = (
			);
			name = TextFieldsChallengeApp;
			productName = TextFieldsChallengeApp;
			productReference = 94EAE2E21B37ABCD0075654A /* TextFieldsChallengeApp.app */;
			productType = "com.apple.product-type.application";
		};
		94EAE2F51B37ABCD0075654A /* TextFieldsChallengeAppTests */ = {
			isa = PBXNativeTarget;
			buildConfigurationList = 94EAE30D1B37ABCD0075654A /* Build configuration list for PBXNativeTarget "TextFieldsChallengeAppTests" */;
			buildPhases = (
				94EAE2F21B37ABCD0075654A /* Sources */,
				94EAE2F31B37ABCD0075654A /* Frameworks */,
				94EAE2F41B37ABCD0075654A /* Resources */,
			);
			buildRules = (
			);
			dependencies = (
				94EAE2F81B37ABCD0075654A /* PBXTargetDependency */,
			);
			name = TextFieldsChallengeAppTests;
			productName = TextFieldsChallengeAppTests;
			productReference = 94EAE2F61B37ABCD0075654A /* TextFieldsChallengeAppTests.xctest */;
			productType = "com.apple.product-type.bundle.unit-test";
		};
		94EAE3001B37ABCD0075654A /* TextFieldsChallengeAppUITests */ = {
			isa = PBXNativeTarget;
			buildConfigurationList = 94EAE3101B37ABCD0075654A /* Build configuration list for PBXNativeTarget "TextFieldsChallengeAppUITests" */;
			buildPhases = (
				94EAE2FD1B37ABCD0075654A /* Sources */,
				94EAE2FE1B37ABCD0075654A /* Frameworks */,
				94EAE2FF1B37ABCD0075654A /* Resources */,
			);
			buildRules = (
			);
			dependencies = (
				94EAE3031B37ABCD0075654A /* PBXTargetDependency */,
			);
			name = TextFieldsChallengeAppUITests;
			productName = TextFieldsChallengeAppUITests;
			productReference = 94EAE3011B37ABCD0075654A /* TextFieldsChallengeAppUITests.xctest */;
			productType = "com.apple.product-type.bundle.ui-testing";
		};
/* End PBXNativeTarget section */

/* Begin PBXProject section */
		94EAE2DA1B37ABCD0075654A /* Project object */ = {
			isa = PBXProject;
			attributes = {
				LastUpgradeCheck = 0700;
				ORGANIZATIONNAME = datascientist.guru;
				TargetAttributes = {
					94EAE2E11B37ABCD0075654A = {
						CreatedOnToolsVersion = 7.0;
					};
					94EAE2F51B37ABCD0075654A = {
						CreatedOnToolsVersion = 7.0;
						TestTargetID = 94EAE2E11B37ABCD0075654A;
					};
					94EAE3001B37ABCD0075654A = {
						CreatedOnToolsVersion = 7.0;
						TestTargetID = 94EAE2E11B37ABCD0075654A;
					};
				};
			};
			buildConfigurationList = 94EAE2DD1B37ABCD0075654A /* Build configuration list for PBXProject "TextFieldsChallengeApp" */;
			compatibilityVersion = "Xcode 3.2";
			developmentRegion = English;
			hasScannedForEncodings = 0;
			knownRegions = (
				en,
				Base,
			);
			mainGroup = 94EAE2D91B37ABCD0075654A;
			productRefGroup = 94EAE2E31B37ABCD0075654A /* Products */;
			projectDirPath = "";
			projectRoot = "";
			targets = (
				94EAE2E11B37ABCD0075654A /* TextFieldsChallengeApp */,
				94EAE2F51B37ABCD0075654A /* TextFieldsChallengeAppTests */,
				94EAE3001B37ABCD0075654A /* TextFieldsChallengeAppUITests */,
			);
		};
/* End PBXProject section */

/* Begin PBXResourcesBuildPhase section */
		94EAE2E01B37ABCD0075654A /* Resources */ = {
			isa = PBXResourcesBuildPhase;
			buildActionMask = 2147483647;
			files = (
				94EAE2F01B37ABCD0075654A /* LaunchScreen.storyboard in Resources */,
				94EAE2ED1B37ABCD0075654A /* Assets.xcassets in Resources */,
				94EAE2EB1B37ABCD0075654A /* Main.storyboard in Resources */,
			);
			runOnlyForDeploymentPostprocessing = 0;
		};
		94EAE2F41B37ABCD0075654A /* Resources */ = {
			isa = PBXResourcesBuildPhase;
			buildActionMask = 2147483647;
			files = (
			);
			runOnlyForDeploymentPostprocessing = 0;
		};
		94EAE2FF1B37ABCD0075654A /* Resources */ = {
			isa = PBXResourcesBuildPhase;
			buildActionMask = 2147483647;
			files = (
			);
			runOnlyForDeploymentPostprocessing = 0;
		};
/* End PBXResourcesBuildPhase section */

/* Begin PBXSourcesBuildPhase section */
		94EAE2DE1B37ABCD0075654A /* Sources */ = {
			isa = PBXSourcesBuildPhase;
			buildActionMask = 2147483647;
			files = (
				94EAE2E81B37ABCD0075654A /* ViewController.swift in Sources */,
				94EAE3151B37AF880075654A /* ZipCodeTextFieldDelegate.swift in Sources */,
				94EAE2E61B37ABCD0075654A /* AppDelegate.swift in Sources */,
			);
			runOnlyForDeploymentPostprocessing = 0;
		};
		94EAE2F21B37ABCD0075654A /* Sources */ = {
			isa = PBXSourcesBuildPhase;
			buildActionMask = 2147483647;
			files = (
				94EAE2FB1B37ABCD0075654A /* TextFieldsChallengeAppTests.swift in Sources */,
			);
			runOnlyForDeploymentPostprocessing = 0;
		};
		94EAE2FD1B37ABCD0075654A /* Sources */ = {
			isa = PBXSourcesBuildPhase;
			buildActionMask = 2147483647;
			files = (
				94EAE3061B37ABCD0075654A /* TextFieldsChallengeAppUITests.swift in Sources */,
			);
			runOnlyForDeploymentPostprocessing = 0;
		};
/* End PBXSourcesBuildPhase section */

/* Begin PBXTargetDependency section */
		94EAE2F81B37ABCD0075654A /* PBXTargetDependency */ = {
			isa = PBXTargetDependency;
			target = 94EAE2E11B37ABCD0075654A /* TextFieldsChallengeApp */;
			targetProxy = 94EAE2F71B37ABCD0075654A /* PBXContainerItemProxy */;
		};
		94EAE3031B37ABCD0075654A /* PBXTargetDependency */ = {
			isa = PBXTargetDependency;
			target = 94EAE2E11B37ABCD0075654A /* TextFieldsChallengeApp */;
			targetProxy = 94EAE3021B37ABCD0075654A /* PBXContainerItemProxy */;
		};
/* End PBXTargetDependency section */

/* Begin PBXVariantGroup section */
		94EAE2E91B37ABCD0075654A /* Main.storyboard */ = {
			isa = PBXVariantGroup;
			children = (
				94EAE2EA1B37ABCD0075654A /* Base */,
			);
			name = Main.storyboard;
			sourceTree = "<group>";
		};
		94EAE2EE1B37ABCD0075654A /* LaunchScreen.storyboard */ = {
			isa = PBXVariantGroup;
			children = (
				94EAE2EF1B37ABCD0075654A /* Base */,
			);
			name = LaunchScreen.storyboard;
			sourceTree = "<group>";
		};
/* End PBXVariantGroup section */

/* Begin XCBuildConfiguration section */
		94EAE3081B37ABCD0075654A /* Debug */ = {
			isa = XCBuildConfiguration;
			buildSettings = {
				ALWAYS_SEARCH_USER_PATHS = NO;
				CLANG_CXX_LANGUAGE_STANDARD = "gnu++0x";
				CLANG_CXX_LIBRARY = "libc++";
				CLANG_ENABLE_MODULES = YES;
				CLANG_ENABLE_OBJC_ARC = YES;
				CLANG_WARN_BOOL_CONVERSION = YES;
				CLANG_WARN_CONSTANT_CONVERSION = YES;
				CLANG_WARN_DIRECT_OBJC_ISA_USAGE = YES_ERROR;
				CLANG_WARN_EMPTY_BODY = YES;
				CLANG_WARN_ENUM_CONVERSION = YES;
				CLANG_WARN_INT_CONVERSION = YES;
				CLANG_WARN_OBJC_ROOT_CLASS = YES_ERROR;
				CLANG_WARN_UNREACHABLE_CODE = YES;
				CLANG_WARN__DUPLICATE_METHOD_MATCH = YES;
				"CODE_SIGN_IDENTITY[sdk=iphoneos*]" = "iPhone Developer";
				COPY_PHASE_STRIP = NO;
				DEBUG_INFORMATION_FORMAT = dwarf;
				ENABLE_STRICT_OBJC_MSGSEND = YES;
				ENABLE_TESTABILITY = YES;
				GCC_C_LANGUAGE_STANDARD = gnu99;
				GCC_DYNAMIC_NO_PIC = NO;
				GCC_NO_COMMON_BLOCKS = YES;
				GCC_OPTIMIZATION_LEVEL = 0;
				GCC_PREPROCESSOR_DEFINITIONS = (
					"DEBUG=1",
					"$(inherited)",
				);
				GCC_WARN_64_TO_32_BIT_CONVERSION = YES;
				GCC_WARN_ABOUT_RETURN_TYPE = YES_ERROR;
				GCC_WARN_UNDECLARED_SELECTOR = YES;
				GCC_WARN_UNINITIALIZED_AUTOS = YES_AGGRESSIVE;
				GCC_WARN_UNUSED_FUNCTION = YES;
				GCC_WARN_UNUSED_VARIABLE = YES;
				IPHONEOS_DEPLOYMENT_TARGET = 9.0;
				MTL_ENABLE_DEBUG_INFO = YES;
				ONLY_ACTIVE_ARCH = YES;
				SDKROOT = iphoneos;
				SWIFT_OPTIMIZATION_LEVEL = "-Onone";
			};
			name = Debug;
		};
		94EAE3091B37ABCD0075654A /* Release */ = {
			isa = XCBuildConfiguration;
			buildSettings = {
				ALWAYS_SEARCH_USER_PATHS = NO;
				CLANG_CXX_LANGUAGE_STANDARD = "gnu++0x";
				CLANG_CXX_LIBRARY = "libc++";
				CLANG_ENABLE_MODULES = YES;
				CLANG_ENABLE_OBJC_ARC = YES;
				CLANG_WARN_BOOL_CONVERSION = YES;
				CLANG_WARN_CONSTANT_CONVERSION = YES;
				CLANG_WARN_DIRECT_OBJC_ISA_USAGE = YES_ERROR;
				CLANG_WARN_EMPTY_BODY = YES;
				CLANG_WARN_ENUM_CONVERSION = YES;
				CLANG_WARN_INT_CONVERSION = YES;
				CLANG_WARN_OBJC_ROOT_CLASS = YES_ERROR;
				CLANG_WARN_UNREACHABLE_CODE = YES;
				CLANG_WARN__DUPLICATE_METHOD_MATCH = YES;
				"CODE_SIGN_IDENTITY[sdk=iphoneos*]" = "iPhone Developer";
				COPY_PHASE_STRIP = NO;
				DEBUG_INFORMATION_FORMAT = "dwarf-with-dsym";
				ENABLE_NS_ASSERTIONS = NO;
				ENABLE_STRICT_OBJC_MSGSEND = YES;
				GCC_C_LANGUAGE_STANDARD = gnu99;
				GCC_NO_COMMON_BLOCKS = YES;
				GCC_WARN_64_TO_32_BIT_CONVERSION = YES;
				GCC_WARN_ABOUT_RETURN_TYPE = YES_ERROR;
				GCC_WARN_UNDECLARED_SELECTOR = YES;
				GCC_WARN_UNINITIALIZED_AUTOS = YES_AGGRESSIVE;
				GCC_WARN_UNUSED_FUNCTION = YES;
				GCC_WARN_UNUSED_VARIABLE = YES;
				IPHONEOS_DEPLOYMENT_TARGET = 9.0;
				MTL_ENABLE_DEBUG_INFO = NO;
				SDKROOT = iphoneos;
				VALIDATE_PRODUCT = YES;
			};
			name = Release;
		};
		94EAE30B1B37ABCD0075654A /* Debug */ = {
			isa = XCBuildConfiguration;
			buildSettings = {
				ASSETCATALOG_COMPILER_APPICON_NAME = AppIcon;
				INFOPLIST_FILE = TextFieldsChallengeApp/Info.plist;
				LD_RUNPATH_SEARCH_PATHS = "$(inherited) @executable_path/Frameworks";
				PRODUCT_BUNDLE_IDENTIFIER = guru.datascientist.TextFieldsChallengeApp;
				PRODUCT_NAME = "$(TARGET_NAME)";
			};
			name = Debug;
		};
		94EAE30C1B37ABCD0075654A /* Release */ = {
			isa = XCBuildConfiguration;
			buildSettings = {
				ASSETCATALOG_COMPILER_APPICON_NAME = AppIcon;
				INFOPLIST_FILE = TextFieldsChallengeApp/Info.plist;
				LD_RUNPATH_SEARCH_PATHS = "$(inherited) @executable_path/Frameworks";
				PRODUCT_BUNDLE_IDENTIFIER = guru.datascientist.TextFieldsChallengeApp;
				PRODUCT_NAME = "$(TARGET_NAME)";
			};
			name = Release;
		};
		94EAE30E1B37ABCD0075654A /* Debug */ = {
			isa = XCBuildConfiguration;
			buildSettings = {
				BUNDLE_LOADER = "$(TEST_HOST)";
				INFOPLIST_FILE = TextFieldsChallengeAppTests/Info.plist;
				LD_RUNPATH_SEARCH_PATHS = "$(inherited) @executable_path/Frameworks @loader_path/Frameworks";
				PRODUCT_BUNDLE_IDENTIFIER = guru.datascientist.TextFieldsChallengeAppTests;
				PRODUCT_NAME = "$(TARGET_NAME)";
				TEST_HOST = "$(BUILT_PRODUCTS_DIR)/TextFieldsChallengeApp.app/TextFieldsChallengeApp";
			};
			name = Debug;
		};
		94EAE30F1B37ABCD0075654A /* Release */ = {
			isa = XCBuildConfiguration;
			buildSettings = {
				BUNDLE_LOADER = "$(TEST_HOST)";
				INFOPLIST_FILE = TextFieldsChallengeAppTests/Info.plist;
				LD_RUNPATH_SEARCH_PATHS = "$(inherited) @executable_path/Frameworks @loader_path/Frameworks";
				PRODUCT_BUNDLE_IDENTIFIER = guru.datascientist.TextFieldsChallengeAppTests;
				PRODUCT_NAME = "$(TARGET_NAME)";
				TEST_HOST = "$(BUILT_PRODUCTS_DIR)/TextFieldsChallengeApp.app/TextFieldsChallengeApp";
			};
			name = Release;
		};
		94EAE3111B37ABCD0075654A /* Debug */ = {
			isa = XCBuildConfiguration;
			buildSettings = {
				INFOPLIST_FILE = TextFieldsChallengeAppUITests/Info.plist;
				LD_RUNPATH_SEARCH_PATHS = "$(inherited) @executable_path/Frameworks @loader_path/Frameworks";
				PRODUCT_BUNDLE_IDENTIFIER = guru.datascientist.TextFieldsChallengeAppUITests;
				PRODUCT_NAME = "$(TARGET_NAME)";
				TEST_TARGET_NAME = TextFieldsChallengeApp;
				USES_XCTRUNNER = YES;
			};
			name = Debug;
		};
		94EAE3121B37ABCD0075654A /* Release */ = {
			isa = XCBuildConfiguration;
			buildSettings = {
				INFOPLIST_FILE = TextFieldsChallengeAppUITests/Info.plist;
				LD_RUNPATH_SEARCH_PATHS = "$(inherited) @executable_path/Frameworks @loader_path/Frameworks";
				PRODUCT_BUNDLE_IDENTIFIER = guru.datascientist.TextFieldsChallengeAppUITests;
				PRODUCT_NAME = "$(TARGET_NAME)";
				TEST_TARGET_NAME = TextFieldsChallengeApp;
				USES_XCTRUNNER = YES;
			};
			name = Release;
		};
/* End XCBuildConfiguration section */

/* Begin XCConfigurationList section */
		94EAE2DD1B37ABCD0075654A /* Build configuration list for PBXProject "TextFieldsChallengeApp" */ = {
			isa = XCConfigurationList;
			buildConfigurations = (
				94EAE3081B37ABCD0075654A /* Debug */,
				94EAE3091B37ABCD0075654A /* Release */,
			);
			defaultConfigurationIsVisible = 0;
			defaultConfigurationName = Release;
		};
		94EAE30A1B37ABCD0075654A /* Build configuration list for PBXNativeTarget "TextFieldsChallengeApp" */ = {
			isa = XCConfigurationList;
			buildConfigurations = (
				94EAE30B1B37ABCD0075654A /* Debug */,
				94EAE30C1B37ABCD0075654A /* Release */,
			);
			defaultConfigurationIsVisible = 0;
		};
		94EAE30D1B37ABCD0075654A /* Build configuration list for PBXNativeTarget "TextFieldsChallengeAppTests" */ = {
			isa = XCConfigurationList;
			buildConfigurations = (
				94EAE30E1B37ABCD0075654A /* Debug */,
				94EAE30F1B37ABCD0075654A /* Release */,
			);
			defaultConfigurationIsVisible = 0;
		};
		94EAE3101B37ABCD0075654A /* Build configuration list for PBXNativeTarget "TextFieldsChallengeAppUITests" */ = {
			isa = XCConfigurationList;
			buildConfigurations = (
				94EAE3111B37ABCD0075654A /* Debug */,
				94EAE3121B37ABCD0075654A /* Release */,
			);
			defaultConfigurationIsVisible = 0;
		};
/* End XCConfigurationList section */
	};
	rootObject = 94EAE2DA1B37ABCD0075654A /* Project object */;
}
